
Microsoft Visual Studio Solution File, Format Version 12.00
# Visual Studio Version 17
VisualStudioVersion = 17.4.33205.214
MinimumVisualStudioVersion = 10.0.40219.1
Project("{FAE04EC0-301F-11D3-BF4B-00C04F79EFBC}") = "FeladatAKod", "FeladatAKod\FeladatAKod.csproj", "{8BA7F4DC-FED2-4771-A165-21951F3EDC78}"
EndProject
Global
	GlobalSection(SolutionConfigurationPlatforms) = preSolution
		Debug|Any CPU = Debug|Any CPU
		Release|Any CPU = Release|Any CPU
	EndGlobalSection
	GlobalSection(ProjectConfigurationPlatforms) = postSolution
		{8BA7F4DC-FED2-4771-A165-21951F3EDC78}.Debug|Any CPU.ActiveCfg = Debug|Any CPU
		{8BA7F4DC-FED2-4771-A165-21951F3EDC78}.Debug|Any CPU.Build.0 = Debug|Any CPU
		{8BA7F4DC-FED2-4771-A165-21951F3EDC78}.Release|Any CPU.ActiveCfg = Release|Any CPU
		{8BA7F4DC-FED2-4771-A165-21951F3EDC78}.Release|Any CPU.Build.0 = Release|Any CPU
	EndGlobalSection
	GlobalSection(SolutionProperties) = preSolution
		HideSolutionNode = FALSE
	EndGlobalSection
	GlobalSection(ExtensibilityGlobals) = postSolution
		SolutionGuid = {DEB9EC5A-BC2C-4818-BC38-4948C5A3E511}
	EndGlobalSection
EndGlobal
